// !$*UTF8*$!
{
	archiveVersion = 1;
	classes = {
	};
	objectVersion = 50;
	objects = {

/* Begin PBXBuildFile section */
		F31D104924CE742C009AB227 /* onepay_ios_sdk.framework in Frameworks */ = {isa = PBXBuildFile; fileRef = F31D103F24CE742C009AB227 /* onepay_ios_sdk.framework */; };
		F31D104E24CE742C009AB227 /* onepay_ios_sdkTests.swift in Sources */ = {isa = PBXBuildFile; fileRef = F31D104D24CE742C009AB227 /* onepay_ios_sdkTests.swift */; };
		F31D105024CE742C009AB227 /* onepay_ios_sdk.h in Headers */ = {isa = PBXBuildFile; fileRef = F31D104224CE742C009AB227 /* onepay_ios_sdk.h */; settings = {ATTRIBUTES = (Public, ); }; };
		F31D106024CE7488009AB227 /* second.html in Resources */ = {isa = PBXBuildFile; fileRef = F31D105924CE7488009AB227 /* second.html */; };
		F31D106124CE7488009AB227 /* WKWebScriptHandler.swift in Sources */ = {isa = PBXBuildFile; fileRef = F31D105A24CE7488009AB227 /* WKWebScriptHandler.swift */; };
		F31D106224CE7488009AB227 /* jquery-3.5.1.min.js in Resources */ = {isa = PBXBuildFile; fileRef = F31D105B24CE7488009AB227 /* jquery-3.5.1.min.js */; };
		F31D106324CE7488009AB227 /* mypage.html in Resources */ = {isa = PBXBuildFile; fileRef = F31D105C24CE7488009AB227 /* mypage.html */; };
		F31D106424CE7488009AB227 /* paymentpage.html in Resources */ = {isa = PBXBuildFile; fileRef = F31D105D24CE7488009AB227 /* paymentpage.html */; };
		F31D106524CE7488009AB227 /* onepaymain.js in Resources */ = {isa = PBXBuildFile; fileRef = F31D105E24CE7488009AB227 /* onepaymain.js */; };
		F31D106624CE7488009AB227 /* onepay-style.css in Resources */ = {isa = PBXBuildFile; fileRef = F31D105F24CE7488009AB227 /* onepay-style.css */; };
		F31D106924CE7504009AB227 /* PaymentPageViewController.swift in Sources */ = {isa = PBXBuildFile; fileRef = F31D106724CE7504009AB227 /* PaymentPageViewController.swift */; };
		F31D106A24CE7504009AB227 /* PaymentPageViewController.xib in Resources */ = {isa = PBXBuildFile; fileRef = F31D106824CE7504009AB227 /* PaymentPageViewController.xib */; };
		F31D106C24CE790C009AB227 /* Manager.swift in Sources */ = {isa = PBXBuildFile; fileRef = F31D106B24CE790C009AB227 /* Manager.swift */; };
		F31D10C624CE86A4009AB227 /* test.html in Resources */ = {isa = PBXBuildFile; fileRef = F31D10C524CE86A4009AB227 /* test.html */; };
		F31D10DF24CE9289009AB227 /* WebKit.framework in Frameworks */ = {isa = PBXBuildFile; fileRef = F31D106E24CE7939009AB227 /* WebKit.framework */; };
		F31D10E024CE9289009AB227 /* WebKit.framework in Embed Frameworks */ = {isa = PBXBuildFile; fileRef = F31D106E24CE7939009AB227 /* WebKit.framework */; settings = {ATTRIBUTES = (RemoveHeadersOnCopy, ); }; };
/* End PBXBuildFile section */

/* Begin PBXContainerItemProxy section */
		F31D104A24CE742C009AB227 /* PBXContainerItemProxy */ = {
			isa = PBXContainerItemProxy;
			containerPortal = F31D103624CE742C009AB227 /* Project object */;
			proxyType = 1;
			remoteGlobalIDString = F31D103E24CE742C009AB227;
			remoteInfo = "onepay-ios-sdk";
		};
/* End PBXContainerItemProxy section */

/* Begin PBXCopyFilesBuildPhase section */
		F31D10E124CE9289009AB227 /* Embed Frameworks */ = {
			isa = PBXCopyFilesBuildPhase;
			buildActionMask = 2147483647;
			dstPath = "";
			dstSubfolderSpec = 10;
			files = (
				F31D10E024CE9289009AB227 /* WebKit.framework in Embed Frameworks */,
			);
			name = "Embed Frameworks";
			runOnlyForDeploymentPostprocessing = 0;
		};
/* End PBXCopyFilesBuildPhase section */

/* Begin PBXFileReference section */
		F31D103F24CE742C009AB227 /* onepay_ios_sdk.framework */ = {isa = PBXFileReference; explicitFileType = wrapper.framework; includeInIndex = 0; path = onepay_ios_sdk.framework; sourceTree = BUILT_PRODUCTS_DIR; };
		F31D104224CE742C009AB227 /* onepay_ios_sdk.h */ = {isa = PBXFileReference; lastKnownFileType = sourcecode.c.h; path = onepay_ios_sdk.h; sourceTree = "<group>"; };
		F31D104324CE742C009AB227 /* Info.plist */ = {isa = PBXFileReference; lastKnownFileType = text.plist.xml; path = Info.plist; sourceTree = "<group>"; };
		F31D104824CE742C009AB227 /* onepay-ios-sdkTests.xctest */ = {isa = PBXFileReference; explicitFileType = wrapper.cfbundle; includeInIndex = 0; path = "onepay-ios-sdkTests.xctest"; sourceTree = BUILT_PRODUCTS_DIR; };
		F31D104D24CE742C009AB227 /* onepay_ios_sdkTests.swift */ = {isa = PBXFileReference; lastKnownFileType = sourcecode.swift; path = onepay_ios_sdkTests.swift; sourceTree = "<group>"; };
		F31D104F24CE742C009AB227 /* Info.plist */ = {isa = PBXFileReference; lastKnownFileType = text.plist.xml; path = Info.plist; sourceTree = "<group>"; };
		F31D105924CE7488009AB227 /* second.html */ = {isa = PBXFileReference; fileEncoding = 4; lastKnownFileType = text.html; path = second.html; sourceTree = "<group>"; };
		F31D105A24CE7488009AB227 /* WKWebScriptHandler.swift */ = {isa = PBXFileReference; fileEncoding = 4; lastKnownFileType = sourcecode.swift; path = WKWebScriptHandler.swift; sourceTree = "<group>"; };
		F31D105B24CE7488009AB227 /* jquery-3.5.1.min.js */ = {isa = PBXFileReference; fileEncoding = 4; lastKnownFileType = sourcecode.javascript; path = "jquery-3.5.1.min.js"; sourceTree = "<group>"; };
		F31D105C24CE7488009AB227 /* mypage.html */ = {isa = PBXFileReference; fileEncoding = 4; lastKnownFileType = text.html; path = mypage.html; sourceTree = "<group>"; };
		F31D105D24CE7488009AB227 /* paymentpage.html */ = {isa = PBXFileReference; fileEncoding = 4; lastKnownFileType = text.html; path = paymentpage.html; sourceTree = "<group>"; };
		F31D105E24CE7488009AB227 /* onepaymain.js */ = {isa = PBXFileReference; fileEncoding = 4; lastKnownFileType = sourcecode.javascript; path = onepaymain.js; sourceTree = "<group>"; };
		F31D105F24CE7488009AB227 /* onepay-style.css */ = {isa = PBXFileReference; fileEncoding = 4; lastKnownFileType = text.css; path = "onepay-style.css"; sourceTree = "<group>"; };
		F31D106724CE7504009AB227 /* PaymentPageViewController.swift */ = {isa = PBXFileReference; lastKnownFileType = sourcecode.swift; path = PaymentPageViewController.swift; sourceTree = "<group>"; };
		F31D106824CE7504009AB227 /* PaymentPageViewController.xib */ = {isa = PBXFileReference; lastKnownFileType = file.xib; path = PaymentPageViewController.xib; sourceTree = "<group>"; };
		F31D106B24CE790C009AB227 /* Manager.swift */ = {isa = PBXFileReference; fileEncoding = 4; lastKnownFileType = sourcecode.swift; path = Manager.swift; sourceTree = "<group>"; };
		F31D106E24CE7939009AB227 /* WebKit.framework */ = {isa = PBXFileReference; lastKnownFileType = wrapper.framework; name = WebKit.framework; path = Platforms/MacOSX.platform/Developer/SDKs/MacOSX10.15.sdk/System/Library/Frameworks/WebKit.framework; sourceTree = DEVELOPER_DIR; };
		F31D10C524CE86A4009AB227 /* test.html */ = {isa = PBXFileReference; fileEncoding = 4; lastKnownFileType = text.html; path = test.html; sourceTree = "<group>"; };
/* End PBXFileReference section */

/* Begin PBXFrameworksBuildPhase section */
		F31D103C24CE742C009AB227 /* Frameworks */ = {
			isa = PBXFrameworksBuildPhase;
			buildActionMask = 2147483647;
			files = (
				F31D10DF24CE9289009AB227 /* WebKit.framework in Frameworks */,
			);
			runOnlyForDeploymentPostprocessing = 0;
		};
		F31D104524CE742C009AB227 /* Frameworks */ = {
			isa = PBXFrameworksBuildPhase;
			buildActionMask = 2147483647;
			files = (
				F31D104924CE742C009AB227 /* onepay_ios_sdk.framework in Frameworks */,
			);
			runOnlyForDeploymentPostprocessing = 0;
		};
/* End PBXFrameworksBuildPhase section */

/* Begin PBXGroup section */
		F31D103524CE742C009AB227 = {
			isa = PBXGroup;
			children = (
				F31D104124CE742C009AB227 /* onepay-ios-sdk */,
				F31D104C24CE742C009AB227 /* onepay-ios-sdkTests */,
				F31D104024CE742C009AB227 /* Products */,
				F31D106D24CE7938009AB227 /* Frameworks */,
			);
			sourceTree = "<group>";
		};
		F31D104024CE742C009AB227 /* Products */ = {
			isa = PBXGroup;
			children = (
				F31D103F24CE742C009AB227 /* onepay_ios_sdk.framework */,
				F31D104824CE742C009AB227 /* onepay-ios-sdkTests.xctest */,
			);
			name = Products;
			sourceTree = "<group>";
		};
		F31D104124CE742C009AB227 /* onepay-ios-sdk */ = {
			isa = PBXGroup;
			children = (
				F31D10C524CE86A4009AB227 /* test.html */,
				F31D106B24CE790C009AB227 /* Manager.swift */,
				F31D105B24CE7488009AB227 /* jquery-3.5.1.min.js */,
				F31D105C24CE7488009AB227 /* mypage.html */,
				F31D105F24CE7488009AB227 /* onepay-style.css */,
				F31D105E24CE7488009AB227 /* onepaymain.js */,
				F31D105D24CE7488009AB227 /* paymentpage.html */,
				F31D105924CE7488009AB227 /* second.html */,
				F31D105A24CE7488009AB227 /* WKWebScriptHandler.swift */,
				F31D104224CE742C009AB227 /* onepay_ios_sdk.h */,
				F31D104324CE742C009AB227 /* Info.plist */,
				F31D106724CE7504009AB227 /* PaymentPageViewController.swift */,
				F31D106824CE7504009AB227 /* PaymentPageViewController.xib */,
			);
			path = "onepay-ios-sdk";
			sourceTree = "<group>";
		};
		F31D104C24CE742C009AB227 /* onepay-ios-sdkTests */ = {
			isa = PBXGroup;
			children = (
				F31D104D24CE742C009AB227 /* onepay_ios_sdkTests.swift */,
				F31D104F24CE742C009AB227 /* Info.plist */,
			);
			path = "onepay-ios-sdkTests";
			sourceTree = "<group>";
		};
		F31D106D24CE7938009AB227 /* Frameworks */ = {
			isa = PBXGroup;
			children = (
				F31D106E24CE7939009AB227 /* WebKit.framework */,
			);
			name = Frameworks;
			sourceTree = "<group>";
		};
/* End PBXGroup section */

/* Begin PBXHeadersBuildPhase section */
		F31D103A24CE742C009AB227 /* Headers */ = {
			isa = PBXHeadersBuildPhase;
			buildActionMask = 2147483647;
			files = (
				F31D105024CE742C009AB227 /* onepay_ios_sdk.h in Headers */,
			);
			runOnlyForDeploymentPostprocessing = 0;
		};
/* End PBXHeadersBuildPhase section */

/* Begin PBXNativeTarget section */
		F31D103E24CE742C009AB227 /* onepay-ios-sdk */ = {
			isa = PBXNativeTarget;
			buildConfigurationList = F31D105324CE742C009AB227 /* Build configuration list for PBXNativeTarget "onepay-ios-sdk" */;
			buildPhases = (
				F31D103A24CE742C009AB227 /* Headers */,
				F31D103B24CE742C009AB227 /* Sources */,
				F31D103C24CE742C009AB227 /* Frameworks */,
				F31D103D24CE742C009AB227 /* Resources */,
				F31D10E124CE9289009AB227 /* Embed Frameworks */,
			);
			buildRules = (
			);
			dependencies = (
			);
			name = "onepay-ios-sdk";
			productName = "onepay-ios-sdk";
			productReference = F31D103F24CE742C009AB227 /* onepay_ios_sdk.framework */;
			productType = "com.apple.product-type.framework";
		};
		F31D104724CE742C009AB227 /* onepay-ios-sdkTests */ = {
			isa = PBXNativeTarget;
			buildConfigurationList = F31D105624CE742C009AB227 /* Build configuration list for PBXNativeTarget "onepay-ios-sdkTests" */;
			buildPhases = (
				F31D104424CE742C009AB227 /* Sources */,
				F31D104524CE742C009AB227 /* Frameworks */,
				F31D104624CE742C009AB227 /* Resources */,
			);
			buildRules = (
			);
			dependencies = (
				F31D104B24CE742C009AB227 /* PBXTargetDependency */,
			);
			name = "onepay-ios-sdkTests";
			productName = "onepay-ios-sdkTests";
			productReference = F31D104824CE742C009AB227 /* onepay-ios-sdkTests.xctest */;
			productType = "com.apple.product-type.bundle.unit-test";
		};
/* End PBXNativeTarget section */

/* Begin PBXProject section */
		F31D103624CE742C009AB227 /* Project object */ = {
			isa = PBXProject;
			attributes = {
				LastSwiftUpdateCheck = 1160;
				LastUpgradeCheck = 1160;
				ORGANIZATIONNAME = ShagevanParameswaran;
				TargetAttributes = {
					F31D103E24CE742C009AB227 = {
						CreatedOnToolsVersion = 11.6;
						LastSwiftMigration = 1160;
					};
					F31D104724CE742C009AB227 = {
						CreatedOnToolsVersion = 11.6;
					};
				};
			};
			buildConfigurationList = F31D103924CE742C009AB227 /* Build configuration list for PBXProject "onepay-ios-sdk" */;
			compatibilityVersion = "Xcode 9.3";
			developmentRegion = en;
			hasScannedForEncodings = 0;
			knownRegions = (
				en,
				Base,
			);
			mainGroup = F31D103524CE742C009AB227;
			productRefGroup = F31D104024CE742C009AB227 /* Products */;
			projectDirPath = "";
			projectRoot = "";
			targets = (
				F31D103E24CE742C009AB227 /* onepay-ios-sdk */,
				F31D104724CE742C009AB227 /* onepay-ios-sdkTests */,
			);
		};
/* End PBXProject section */

/* Begin PBXResourcesBuildPhase section */
		F31D103D24CE742C009AB227 /* Resources */ = {
			isa = PBXResourcesBuildPhase;
			buildActionMask = 2147483647;
			files = (
				F31D106524CE7488009AB227 /* onepaymain.js in Resources */,
				F31D106224CE7488009AB227 /* jquery-3.5.1.min.js in Resources */,
				F31D106324CE7488009AB227 /* mypage.html in Resources */,
				F31D106624CE7488009AB227 /* onepay-style.css in Resources */,
				F31D10C624CE86A4009AB227 /* test.html in Resources */,
				F31D106A24CE7504009AB227 /* PaymentPageViewController.xib in Resources */,
				F31D106424CE7488009AB227 /* paymentpage.html in Resources */,
				F31D106024CE7488009AB227 /* second.html in Resources */,
			);
			runOnlyForDeploymentPostprocessing = 0;
		};
		F31D104624CE742C009AB227 /* Resources */ = {
			isa = PBXResourcesBuildPhase;
			buildActionMask = 2147483647;
			files = (
			);
			runOnlyForDeploymentPostprocessing = 0;
		};
/* End PBXResourcesBuildPhase section */

/* Begin PBXSourcesBuildPhase section */
		F31D103B24CE742C009AB227 /* Sources */ = {
			isa = PBXSourcesBuildPhase;
			buildActionMask = 2147483647;
			files = (
				F31D106924CE7504009AB227 /* PaymentPageViewController.swift in Sources */,
				F31D106C24CE790C009AB227 /* Manager.swift in Sources */,
				F31D106124CE7488009AB227 /* WKWebScriptHandler.swift in Sources */,
			);
			runOnlyForDeploymentPostprocessing = 0;
		};
		F31D104424CE742C009AB227 /* Sources */ = {
			isa = PBXSourcesBuildPhase;
			buildActionMask = 2147483647;
			files = (
				F31D104E24CE742C009AB227 /* onepay_ios_sdkTests.swift in Sources */,
			);
			runOnlyForDeploymentPostprocessing = 0;
		};
/* End PBXSourcesBuildPhase section */

/* Begin PBXTargetDependency section */
		F31D104B24CE742C009AB227 /* PBXTargetDependency */ = {
			isa = PBXTargetDependency;
			target = F31D103E24CE742C009AB227 /* onepay-ios-sdk */;
			targetProxy = F31D104A24CE742C009AB227 /* PBXContainerItemProxy */;
		};
/* End PBXTargetDependency section */

/* Begin XCBuildConfiguration section */
		F31D105124CE742C009AB227 /* Debug */ = {
			isa = XCBuildConfiguration;
			buildSettings = {
				ALWAYS_SEARCH_USER_PATHS = NO;
				CLANG_ANALYZER_NONNULL = YES;
				CLANG_ANALYZER_NUMBER_OBJECT_CONVERSION = YES_AGGRESSIVE;
				CLANG_CXX_LANGUAGE_STANDARD = "gnu++14";
				CLANG_CXX_LIBRARY = "libc++";
				CLANG_ENABLE_MODULES = YES;
				CLANG_ENABLE_OBJC_ARC = YES;
				CLANG_ENABLE_OBJC_WEAK = YES;
				CLANG_WARN_BLOCK_CAPTURE_AUTORELEASING = YES;
				CLANG_WARN_BOOL_CONVERSION = YES;
				CLANG_WARN_COMMA = YES;
				CLANG_WARN_CONSTANT_CONVERSION = YES;
				CLANG_WARN_DEPRECATED_OBJC_IMPLEMENTATIONS = YES;
				CLANG_WARN_DIRECT_OBJC_ISA_USAGE = YES_ERROR;
				CLANG_WARN_DOCUMENTATION_COMMENTS = YES;
				CLANG_WARN_EMPTY_BODY = YES;
				CLANG_WARN_ENUM_CONVERSION = YES;
				CLANG_WARN_INFINITE_RECURSION = YES;
				CLANG_WARN_INT_CONVERSION = YES;
				CLANG_WARN_NON_LITERAL_NULL_CONVERSION = YES;
				CLANG_WARN_OBJC_IMPLICIT_RETAIN_SELF = YES;
				CLANG_WARN_OBJC_LITERAL_CONVERSION = YES;
				CLANG_WARN_OBJC_ROOT_CLASS = YES_ERROR;
				CLANG_WARN_RANGE_LOOP_ANALYSIS = YES;
				CLANG_WARN_STRICT_PROTOTYPES = YES;
				CLANG_WARN_SUSPICIOUS_MOVE = YES;
				CLANG_WARN_UNGUARDED_AVAILABILITY = YES_AGGRESSIVE;
				CLANG_WARN_UNREACHABLE_CODE = YES;
				CLANG_WARN__DUPLICATE_METHOD_MATCH = YES;
				COPY_PHASE_STRIP = NO;
				CURRENT_PROJECT_VERSION = 1;
				DEBUG_INFORMATION_FORMAT = dwarf;
				ENABLE_STRICT_OBJC_MSGSEND = YES;
				ENABLE_TESTABILITY = YES;
				GCC_C_LANGUAGE_STANDARD = gnu11;
				GCC_DYNAMIC_NO_PIC = NO;
				GCC_NO_COMMON_BLOCKS = YES;
				GCC_OPTIMIZATION_LEVEL = 0;
				GCC_PREPROCESSOR_DEFINITIONS = (
					"DEBUG=1",
					"$(inherited)",
				);
				GCC_WARN_64_TO_32_BIT_CONVERSION = YES;
				GCC_WARN_ABOUT_RETURN_TYPE = YES_ERROR;
				GCC_WARN_UNDECLARED_SELECTOR = YES;
				GCC_WARN_UNINITIALIZED_AUTOS = YES_AGGRESSIVE;
				GCC_WARN_UNUSED_FUNCTION = YES;
				GCC_WARN_UNUSED_VARIABLE = YES;
				IPHONEOS_DEPLOYMENT_TARGET = 13.6;
				MTL_ENABLE_DEBUG_INFO = INCLUDE_SOURCE;
				MTL_FAST_MATH = YES;
				ONLY_ACTIVE_ARCH = YES;
				SDKROOT = iphoneos;
				SWIFT_ACTIVE_COMPILATION_CONDITIONS = DEBUG;
				SWIFT_OPTIMIZATION_LEVEL = "-Onone";
				VERSIONING_SYSTEM = "apple-generic";
				VERSION_INFO_PREFIX = "";
			};
			name = Debug;
		};
		F31D105224CE742C009AB227 /* Release */ = {
			isa = XCBuildConfiguration;
			buildSettings = {
				ALWAYS_SEARCH_USER_PATHS = NO;
				CLANG_ANALYZER_NONNULL = YES;
				CLANG_ANALYZER_NUMBER_OBJECT_CONVERSION = YES_AGGRESSIVE;
				CLANG_CXX_LANGUAGE_STANDARD = "gnu++14";
				CLANG_CXX_LIBRARY = "libc++";
				CLANG_ENABLE_MODULES = YES;
				CLANG_ENABLE_OBJC_ARC = YES;
				CLANG_ENABLE_OBJC_WEAK = YES;
				CLANG_WARN_BLOCK_CAPTURE_AUTORELEASING = YES;
				CLANG_WARN_BOOL_CONVERSION = YES;
				CLANG_WARN_COMMA = YES;
				CLANG_WARN_CONSTANT_CONVERSION = YES;
				CLANG_WARN_DEPRECATED_OBJC_IMPLEMENTATIONS = YES;
				CLANG_WARN_DIRECT_OBJC_ISA_USAGE = YES_ERROR;
				CLANG_WARN_DOCUMENTATION_COMMENTS = YES;
				CLANG_WARN_EMPTY_BODY = YES;
				CLANG_WARN_ENUM_CONVERSION = YES;
				CLANG_WARN_INFINITE_RECURSION = YES;
				CLANG_WARN_INT_CONVERSION = YES;
				CLANG_WARN_NON_LITERAL_NULL_CONVERSION = YES;
				CLANG_WARN_OBJC_IMPLICIT_RETAIN_SELF = YES;
				CLANG_WARN_OBJC_LITERAL_CONVERSION = YES;
				CLANG_WARN_OBJC_ROOT_CLASS = YES_ERROR;
				CLANG_WARN_RANGE_LOOP_ANALYSIS = YES;
				CLANG_WARN_STRICT_PROTOTYPES = YES;
				CLANG_WARN_SUSPICIOUS_MOVE = YES;
				CLANG_WARN_UNGUARDED_AVAILABILITY = YES_AGGRESSIVE;
				CLANG_WARN_UNREACHABLE_CODE = YES;
				CLANG_WARN__DUPLICATE_METHOD_MATCH = YES;
				COPY_PHASE_STRIP = NO;
				CURRENT_PROJECT_VERSION = 1;
				DEBUG_INFORMATION_FORMAT = "dwarf-with-dsym";
				ENABLE_NS_ASSERTIONS = NO;
				ENABLE_STRICT_OBJC_MSGSEND = YES;
				GCC_C_LANGUAGE_STANDARD = gnu11;
				GCC_NO_COMMON_BLOCKS = YES;
				GCC_WARN_64_TO_32_BIT_CONVERSION = YES;
				GCC_WARN_ABOUT_RETURN_TYPE = YES_ERROR;
				GCC_WARN_UNDECLARED_SELECTOR = YES;
				GCC_WARN_UNINITIALIZED_AUTOS = YES_AGGRESSIVE;
				GCC_WARN_UNUSED_FUNCTION = YES;
				GCC_WARN_UNUSED_VARIABLE = YES;
				IPHONEOS_DEPLOYMENT_TARGET = 13.6;
				MTL_ENABLE_DEBUG_INFO = NO;
				MTL_FAST_MATH = YES;
				SDKROOT = iphoneos;
				SWIFT_COMPILATION_MODE = wholemodule;
				SWIFT_OPTIMIZATION_LEVEL = "-O";
				VALIDATE_PRODUCT = YES;
				VERSIONING_SYSTEM = "apple-generic";
				VERSION_INFO_PREFIX = "";
			};
			name = Release;
		};
		F31D105424CE742C009AB227 /* Debug */ = {
			isa = XCBuildConfiguration;
			buildSettings = {
				CLANG_ENABLE_MODULES = YES;
				CODE_SIGN_STYLE = Automatic;
				DEFINES_MODULE = YES;
				DYLIB_COMPATIBILITY_VERSION = 1;
				DYLIB_CURRENT_VERSION = 1;
				DYLIB_INSTALL_NAME_BASE = "@rpath";
				INFOPLIST_FILE = "onepay-ios-sdk/Info.plist";
				INSTALL_PATH = "$(LOCAL_LIBRARY_DIR)/Frameworks";
				LD_RUNPATH_SEARCH_PATHS = (
					"$(inherited)",
					"@executable_path/Frameworks",
					"@loader_path/Frameworks",
				);
				PRODUCT_BUNDLE_IDENTIFIER = "singtel.onepay-ios-sdk";
				PRODUCT_NAME = "$(TARGET_NAME:c99extidentifier)";
				SKIP_INSTALL = YES;
				SWIFT_OPTIMIZATION_LEVEL = "-Onone";
				SWIFT_VERSION = 5.0;
				TARGETED_DEVICE_FAMILY = "1,2";
			};
			name = Debug;
		};
		F31D105524CE742C009AB227 /* Release */ = {
			isa = XCBuildConfiguration;
			buildSettings = {
				CLANG_ENABLE_MODULES = YES;
				CODE_SIGN_STYLE = Automatic;
				DEFINES_MODULE = YES;
				DYLIB_COMPATIBILITY_VERSION = 1;
				DYLIB_CURRENT_VERSION = 1;
				DYLIB_INSTALL_NAME_BASE = "@rpath";
				INFOPLIST_FILE = "onepay-ios-sdk/Info.plist";
				INSTALL_PATH = "$(LOCAL_LIBRARY_DIR)/Frameworks";
				LD_RUNPATH_SEARCH_PATHS = (
					"$(inherited)",
					"@executable_path/Frameworks",
					"@loader_path/Frameworks",
				);
				PRODUCT_BUNDLE_IDENTIFIER = "singtel.onepay-ios-sdk";
				PRODUCT_NAME = "$(TARGET_NAME:c99extidentifier)";
				SKIP_INSTALL = YES;
				SWIFT_VERSION = 5.0;
				TARGETED_DEVICE_FAMILY = "1,2";
			};
			name = Release;
		};
		F31D105724CE742C009AB227 /* Debug */ = {
			isa = XCBuildConfiguration;
			buildSettings = {
				ALWAYS_EMBED_SWIFT_STANDARD_LIBRARIES = YES;
				CODE_SIGN_STYLE = Automatic;
				INFOPLIST_FILE = "onepay-ios-sdkTests/Info.plist";
				LD_RUNPATH_SEARCH_PATHS = (
					"$(inherited)",
					"@executable_path/Frameworks",
					"@loader_path/Frameworks",
				);
				PRODUCT_BUNDLE_IDENTIFIER = "singtel.onepay-ios-sdkTests";
				PRODUCT_NAME = "$(TARGET_NAME)";
				SWIFT_VERSION = 5.0;
				TARGETED_DEVICE_FAMILY = "1,2";
			};
			name = Debug;
		};
		F31D105824CE742C009AB227 /* Release */ = {
			isa = XCBuildConfiguration;
			buildSettings = {
				ALWAYS_EMBED_SWIFT_STANDARD_LIBRARIES = YES;
				CODE_SIGN_STYLE = Automatic;
				INFOPLIST_FILE = "onepay-ios-sdkTests/Info.plist";
				LD_RUNPATH_SEARCH_PATHS = (
					"$(inherited)",
					"@executable_path/Frameworks",
					"@loader_path/Frameworks",
				);
				PRODUCT_BUNDLE_IDENTIFIER = "singtel.onepay-ios-sdkTests";
				PRODUCT_NAME = "$(TARGET_NAME)";
				SWIFT_VERSION = 5.0;
				TARGETED_DEVICE_FAMILY = "1,2";
			};
			name = Release;
		};
/* End XCBuildConfiguration section */

/* Begin XCConfigurationList section */
		F31D103924CE742C009AB227 /* Build configuration list for PBXProject "onepay-ios-sdk" */ = {
			isa = XCConfigurationList;
			buildConfigurations = (
				F31D105124CE742C009AB227 /* Debug */,
				F31D105224CE742C009AB227 /* Release */,
			);
			defaultConfigurationIsVisible = 0;
			defaultConfigurationName = Release;
		};
		F31D105324CE742C009AB227 /* Build configuration list for PBXNativeTarget "onepay-ios-sdk" */ = {
			isa = XCConfigurationList;
			buildConfigurations = (
				F31D105424CE742C009AB227 /* Debug */,
				F31D105524CE742C009AB227 /* Release */,
			);
			defaultConfigurationIsVisible = 0;
			defaultConfigurationName = Release;
		};
		F31D105624CE742C009AB227 /* Build configuration list for PBXNativeTarget "onepay-ios-sdkTests" */ = {
			isa = XCConfigurationList;
			buildConfigurations = (
				F31D105724CE742C009AB227 /* Debug */,
				F31D105824CE742C009AB227 /* Release */,
			);
			defaultConfigurationIsVisible = 0;
			defaultConfigurationName = Release;
		};
/* End XCConfigurationList section */
	};
	rootObject = F31D103624CE742C009AB227 /* Project object */;
}
